
Microsoft Visual Studio Solution File, Format Version 12.00
# Visual Studio 15
VisualStudioVersion = 15.0.26430.13
MinimumVisualStudioVersion = 10.0.40219.1
Project("{8BC9CEB8-8B4A-11D0-8D11-00A0C91BC942}") = "xzero", "..\xzero\xzero.vcxproj", "{D2BF3E83-BC74-4434-855D-F9201EDC8BDE}"
EndProject
Project("{8BC9CEB8-8B4A-11D0-8D11-00A0C91BC942}") = "xbuff", "..\xbuff\xbuff.vcxproj", "{989CE780-0381-4E91-A6EC-D85CB5C3372E}"
EndProject
Project("{8BC9CEB8-8B4A-11D0-8D11-00A0C91BC942}") = "xnet", "..\xnet\xnet.vcxproj", "{85A0EC8D-9DFD-43BD-AC33-94683314E0CE}"
EndProject
Project("{8BC9CEB8-8B4A-11D0-8D11-00A0C91BC942}") = "xgame", "xgame.vcxproj", "{D1333730-83B5-4778-B942-9E7B5634DEA6}"
	ProjectSection(ProjectDependencies) = postProject
		{989CE780-0381-4E91-A6EC-D85CB5C3372E} = {989CE780-0381-4E91-A6EC-D85CB5C3372E}
		{D2BF3E83-BC74-4434-855D-F9201EDC8BDE} = {D2BF3E83-BC74-4434-855D-F9201EDC8BDE}
	EndProjectSection
EndProject
Project("{8BC9CEB8-8B4A-11D0-8D11-00A0C91BC942}") = "xzero_benchmark", "..\xzero_test\xzero_benchmark.vcxproj", "{B54BA78F-839B-4BDE-8E97-9BA583A30D8E}"
	ProjectSection(ProjectDependencies) = postProject
		{D2BF3E83-BC74-4434-855D-F9201EDC8BDE} = {D2BF3E83-BC74-4434-855D-F9201EDC8BDE}
	EndProjectSection
EndProject
Global
	GlobalSection(SolutionConfigurationPlatforms) = preSolution
		Debug|x64 = Debug|x64
		Debug|x86 = Debug|x86
		Release|x64 = Release|x64
		Release|x86 = Release|x86
	EndGlobalSection
	GlobalSection(ProjectConfigurationPlatforms) = postSolution
		{D2BF3E83-BC74-4434-855D-F9201EDC8BDE}.Debug|x64.ActiveCfg = Debug|x64
		{D2BF3E83-BC74-4434-855D-F9201EDC8BDE}.Debug|x64.Build.0 = Debug|x64
		{D2BF3E83-BC74-4434-855D-F9201EDC8BDE}.Debug|x86.ActiveCfg = Debug|Win32
		{D2BF3E83-BC74-4434-855D-F9201EDC8BDE}.Debug|x86.Build.0 = Debug|Win32
		{D2BF3E83-BC74-4434-855D-F9201EDC8BDE}.Release|x64.ActiveCfg = Release|x64
		{D2BF3E83-BC74-4434-855D-F9201EDC8BDE}.Release|x64.Build.0 = Release|x64
		{D2BF3E83-BC74-4434-855D-F9201EDC8BDE}.Release|x86.ActiveCfg = Release|Win32
		{D2BF3E83-BC74-4434-855D-F9201EDC8BDE}.Release|x86.Build.0 = Release|Win32
		{989CE780-0381-4E91-A6EC-D85CB5C3372E}.Debug|x64.ActiveCfg = Debug|x64
		{989CE780-0381-4E91-A6EC-D85CB5C3372E}.Debug|x64.Build.0 = Debug|x64
		{989CE780-0381-4E91-A6EC-D85CB5C3372E}.Debug|x86.ActiveCfg = Debug|Win32
		{989CE780-0381-4E91-A6EC-D85CB5C3372E}.Debug|x86.Build.0 = Debug|Win32
		{989CE780-0381-4E91-A6EC-D85CB5C3372E}.Release|x64.ActiveCfg = Release|x64
		{989CE780-0381-4E91-A6EC-D85CB5C3372E}.Release|x64.Build.0 = Release|x64
		{989CE780-0381-4E91-A6EC-D85CB5C3372E}.Release|x86.ActiveCfg = Release|Win32
		{989CE780-0381-4E91-A6EC-D85CB5C3372E}.Release|x86.Build.0 = Release|Win32
		{85A0EC8D-9DFD-43BD-AC33-94683314E0CE}.Debug|x64.ActiveCfg = Debug|x64
		{85A0EC8D-9DFD-43BD-AC33-94683314E0CE}.Debug|x64.Build.0 = Debug|x64
		{85A0EC8D-9DFD-43BD-AC33-94683314E0CE}.Debug|x86.ActiveCfg = Debug|Win32
		{85A0EC8D-9DFD-43BD-AC33-94683314E0CE}.Debug|x86.Build.0 = Debug|Win32
		{85A0EC8D-9DFD-43BD-AC33-94683314E0CE}.Release|x64.ActiveCfg = Release|x64
		{85A0EC8D-9DFD-43BD-AC33-94683314E0CE}.Release|x64.Build.0 = Release|x64
		{85A0EC8D-9DFD-43BD-AC33-94683314E0CE}.Release|x86.ActiveCfg = Release|Win32
		{85A0EC8D-9DFD-43BD-AC33-94683314E0CE}.Release|x86.Build.0 = Release|Win32
		{D1333730-83B5-4778-B942-9E7B5634DEA6}.Debug|x64.ActiveCfg = Debug|x64
		{D1333730-83B5-4778-B942-9E7B5634DEA6}.Debug|x64.Build.0 = Debug|x64
		{D1333730-83B5-4778-B942-9E7B5634DEA6}.Debug|x86.ActiveCfg = Debug|Win32
		{D1333730-83B5-4778-B942-9E7B5634DEA6}.Debug|x86.Build.0 = Debug|Win32
		{D1333730-83B5-4778-B942-9E7B5634DEA6}.Release|x64.ActiveCfg = Release|x64
		{D1333730-83B5-4778-B942-9E7B5634DEA6}.Release|x64.Build.0 = Release|x64
		{D1333730-83B5-4778-B942-9E7B5634DEA6}.Release|x86.ActiveCfg = Release|Win32
		{D1333730-83B5-4778-B942-9E7B5634DEA6}.Release|x86.Build.0 = Release|Win32
		{B54BA78F-839B-4BDE-8E97-9BA583A30D8E}.Debug|x64.ActiveCfg = Debug|x64
		{B54BA78F-839B-4BDE-8E97-9BA583A30D8E}.Debug|x64.Build.0 = Debug|x64
		{B54BA78F-839B-4BDE-8E97-9BA583A30D8E}.Debug|x86.ActiveCfg = Debug|Win32
		{B54BA78F-839B-4BDE-8E97-9BA583A30D8E}.Debug|x86.Build.0 = Debug|Win32
		{B54BA78F-839B-4BDE-8E97-9BA583A30D8E}.Release|x64.ActiveCfg = Release|x64
		{B54BA78F-839B-4BDE-8E97-9BA583A30D8E}.Release|x64.Build.0 = Release|x64
		{B54BA78F-839B-4BDE-8E97-9BA583A30D8E}.Release|x86.ActiveCfg = Release|Win32
		{B54BA78F-839B-4BDE-8E97-9BA583A30D8E}.Release|x86.Build.0 = Release|Win32
	EndGlobalSection
	GlobalSection(SolutionProperties) = preSolution
		HideSolutionNode = FALSE
	EndGlobalSection
EndGlobal
